
Microsoft Visual Studio Solution File, Format Version 12.00
# Visual Studio 15
Project("{FAE04EC0-301F-11D3-BF4B-00C04F79EFBC}") = "LTA-HARP", "LTA-HARP.csproj", "{365E6D13-069E-0FF1-9E9E-F201D5CD5947}"
EndProject
Project("{FAE04EC0-301F-11D3-BF4B-00C04F79EFBC}") = "Microsoft.MixedReality.GraphicsTools.Samples.MaterialGallery", "Microsoft.MixedReality.GraphicsTools.Samples.MaterialGallery.csproj", "{C46A73D4-4FFE-EDD1-7B72-4ED47D219793}"
EndProject
Project("{FAE04EC0-301F-11D3-BF4B-00C04F79EFBC}") = "PhotonVoice.API", "PhotonVoice.API.csproj", "{1B673CDE-578F-4D4A-2F37-AFC0AC90E39F}"
EndProject
Project("{FAE04EC0-301F-11D3-BF4B-00C04F79EFBC}") = "Microsoft.MixedReality.OpenXR.Sample", "Microsoft.MixedReality.OpenXR.Sample.csproj", "{44155275-05E8-B8AF-6DB0-D89A1B743FEF}"
EndProject
Project("{FAE04EC0-301F-11D3-BF4B-00C04F79EFBC}") = "PhotonVoice", "PhotonVoice.csproj", "{701781D8-41D9-8DC1-A442-13973945161A}"
EndProject
Project("{FAE04EC0-301F-11D3-BF4B-00C04F79EFBC}") = "PhotonUnityNetworking.Demos", "PhotonUnityNetworking.Demos.csproj", "{03FD8CA6-32F1-8298-9F22-52DE7FB6F3B0}"
EndProject
Project("{FAE04EC0-301F-11D3-BF4B-00C04F79EFBC}") = "Siccity.GLTFUtility", "Siccity.GLTFUtility.csproj", "{3DFA5063-E2B2-B75F-89E9-F5D760A0966B}"
EndProject
Project("{FAE04EC0-301F-11D3-BF4B-00C04F79EFBC}") = "PhotonRealtime", "PhotonRealtime.csproj", "{A53B8CDD-FD51-7BDA-792A-CE6DDFA753F2}"
EndProject
Project("{FAE04EC0-301F-11D3-BF4B-00C04F79EFBC}") = "PhotonUnityNetworking", "PhotonUnityNetworking.csproj", "{A591CC03-55C9-9170-B2C7-8757BA4851D7}"
EndProject
Project("{FAE04EC0-301F-11D3-BF4B-00C04F79EFBC}") = "PhotonUnityNetworking.Utilities", "PhotonUnityNetworking.Utilities.csproj", "{D9F708CC-2799-5ECA-19F6-E311790D949B}"
EndProject
Project("{FAE04EC0-301F-11D3-BF4B-00C04F79EFBC}") = "PhotonChat", "PhotonChat.csproj", "{999AF1F7-46F2-257F-FEFF-FFD853568109}"
EndProject
Project("{FAE04EC0-301F-11D3-BF4B-00C04F79EFBC}") = "PhotonVoice.PUN", "PhotonVoice.PUN.csproj", "{0417C53F-7E4C-2C10-835C-9E4634AF722E}"
EndProject
Project("{FAE04EC0-301F-11D3-BF4B-00C04F79EFBC}") = "Microsoft.MixedReality.GraphicsTools.Samples.Acrylic", "Microsoft.MixedReality.GraphicsTools.Samples.Acrylic.csproj", "{37A0C74B-13D9-9D8F-15D1-56EC4CA62696}"
EndProject
Project("{FAE04EC0-301F-11D3-BF4B-00C04F79EFBC}") = "Microsoft.MixedReality.GraphicsTools.Samples.UnityUI", "Microsoft.MixedReality.GraphicsTools.Samples.UnityUI.csproj", "{EF39E4E1-55AD-B91A-2FB6-2893E3A27536}"
EndProject
Project("{FAE04EC0-301F-11D3-BF4B-00C04F79EFBC}") = "Microsoft.MixedReality.Toolkit.Demos.UX.Interactables", "Microsoft.MixedReality.Toolkit.Demos.UX.Interactables.csproj", "{EC3A3970-80DB-2EB3-74D0-DD5C9052D388}"
EndProject
Project("{FAE04EC0-301F-11D3-BF4B-00C04F79EFBC}") = "Dracodec", "Dracodec.csproj", "{A37D641F-DB0F-8814-7877-255D4D43EE19}"
EndProject
Project("{FAE04EC0-301F-11D3-BF4B-00C04F79EFBC}") = "PhotonUnityNetworking.Editor", "PhotonUnityNetworking.Editor.csproj", "{3184E03B-429E-4DC2-26A8-8DF7A95A7119}"
EndProject
Project("{FAE04EC0-301F-11D3-BF4B-00C04F79EFBC}") = "Siccity.GLTFUtility.Editor", "Siccity.GLTFUtility.Editor.csproj", "{416D663A-D120-C27E-C90A-A2370EE9AB30}"
EndProject
Project("{FAE04EC0-301F-11D3-BF4B-00C04F79EFBC}") = "Microsoft.VCRTForwarders.140", "Microsoft.VCRTForwarders.140.csproj", "{610604BD-9FBD-D043-71E7-FB8A8CB0E495}"
EndProject
Project("{FAE04EC0-301F-11D3-BF4B-00C04F79EFBC}") = "PhotonVoice.Editor", "PhotonVoice.Editor.csproj", "{FCF4D7F2-9BD3-6658-D73E-8CC7D38358A5}"
EndProject
Project("{FAE04EC0-301F-11D3-BF4B-00C04F79EFBC}") = "PhotonUnityNetworking.Utilities.PhotonPlayer.Editor", "PhotonUnityNetworking.Utilities.PhotonPlayer.Editor.csproj", "{A70C0C3E-F1E9-E98B-204A-189E67102B52}"
EndProject
Project("{FAE04EC0-301F-11D3-BF4B-00C04F79EFBC}") = "PunDemos.DemoSlotcarEditor", "PunDemos.DemoSlotcarEditor.csproj", "{540A5530-F65A-7BB6-8FE6-E6F5BA936B16}"
EndProject
Project("{FAE04EC0-301F-11D3-BF4B-00C04F79EFBC}") = "Microsoft.MixedReality.OpenXR.BasicSample.Build", "Microsoft.MixedReality.OpenXR.BasicSample.Build.csproj", "{0E603613-3121-DB52-8F97-9AAA35389FE4}"
EndProject
Project("{FAE04EC0-301F-11D3-BF4B-00C04F79EFBC}") = "PhotonUnityNetworking.Utilities.Culling.Editor", "PhotonUnityNetworking.Utilities.Culling.Editor.csproj", "{10E36893-B8C9-8FC7-6128-45B589D661EE}"
EndProject
Project("{FAE04EC0-301F-11D3-BF4B-00C04F79EFBC}") = "PunDemos.DemoHubEditor", "PunDemos.DemoHubEditor.csproj", "{8CDD701D-30F5-5023-B6A4-800C133D1277}"
EndProject
Project("{FAE04EC0-301F-11D3-BF4B-00C04F79EFBC}") = "PhotonVoice.Utilities.Editor", "PhotonVoice.Utilities.Editor.csproj", "{41A9EA87-89B0-BE30-DB53-8A89F05FFF51}"
EndProject
Project("{FAE04EC0-301F-11D3-BF4B-00C04F79EFBC}") = "Microsoft.Windows.MixedReality.DotNetWinRT.Editor", "Microsoft.Windows.MixedReality.DotNetWinRT.Editor.csproj", "{1FB10D55-B397-764D-0B72-86F6F3A1C4D6}"
EndProject
Project("{FAE04EC0-301F-11D3-BF4B-00C04F79EFBC}") = "Microsoft.MixedReality.QR.Editor", "Microsoft.MixedReality.QR.Editor.csproj", "{7A521E13-E49A-9AA3-72C1-599BA5F37DC6}"
EndProject
Project("{FAE04EC0-301F-11D3-BF4B-00C04F79EFBC}") = "PhotonVoice.PUN.Editor", "PhotonVoice.PUN.Editor.csproj", "{5FC6B3BB-1B0F-DB1B-2709-F569736BE2F3}"
EndProject
Global
	GlobalSection(SolutionConfigurationPlatforms) = preSolution
		Debug|Any CPU = Debug|Any CPU
		Release|Any CPU = Release|Any CPU
	EndGlobalSection
	GlobalSection(ProjectConfigurationPlatforms) = postSolution
		{365E6D13-069E-0FF1-9E9E-F201D5CD5947}.Debug|Any CPU.ActiveCfg = Debug|Any CPU
		{365E6D13-069E-0FF1-9E9E-F201D5CD5947}.Debug|Any CPU.Build.0 = Debug|Any CPU
		{365E6D13-069E-0FF1-9E9E-F201D5CD5947}.Release|Any CPU.ActiveCfg = Release|Any CPU
		{365E6D13-069E-0FF1-9E9E-F201D5CD5947}.Release|Any CPU.Build.0 = Release|Any CPU
		{C46A73D4-4FFE-EDD1-7B72-4ED47D219793}.Debug|Any CPU.ActiveCfg = Debug|Any CPU
		{C46A73D4-4FFE-EDD1-7B72-4ED47D219793}.Debug|Any CPU.Build.0 = Debug|Any CPU
		{C46A73D4-4FFE-EDD1-7B72-4ED47D219793}.Release|Any CPU.ActiveCfg = Release|Any CPU
		{C46A73D4-4FFE-EDD1-7B72-4ED47D219793}.Release|Any CPU.Build.0 = Release|Any CPU
		{1B673CDE-578F-4D4A-2F37-AFC0AC90E39F}.Debug|Any CPU.ActiveCfg = Debug|Any CPU
		{1B673CDE-578F-4D4A-2F37-AFC0AC90E39F}.Debug|Any CPU.Build.0 = Debug|Any CPU
		{1B673CDE-578F-4D4A-2F37-AFC0AC90E39F}.Release|Any CPU.ActiveCfg = Release|Any CPU
		{1B673CDE-578F-4D4A-2F37-AFC0AC90E39F}.Release|Any CPU.Build.0 = Release|Any CPU
		{44155275-05E8-B8AF-6DB0-D89A1B743FEF}.Debug|Any CPU.ActiveCfg = Debug|Any CPU
		{44155275-05E8-B8AF-6DB0-D89A1B743FEF}.Debug|Any CPU.Build.0 = Debug|Any CPU
		{44155275-05E8-B8AF-6DB0-D89A1B743FEF}.Release|Any CPU.ActiveCfg = Release|Any CPU
		{44155275-05E8-B8AF-6DB0-D89A1B743FEF}.Release|Any CPU.Build.0 = Release|Any CPU
		{701781D8-41D9-8DC1-A442-13973945161A}.Debug|Any CPU.ActiveCfg = Debug|Any CPU
		{701781D8-41D9-8DC1-A442-13973945161A}.Debug|Any CPU.Build.0 = Debug|Any CPU
		{701781D8-41D9-8DC1-A442-13973945161A}.Release|Any CPU.ActiveCfg = Release|Any CPU
		{701781D8-41D9-8DC1-A442-13973945161A}.Release|Any CPU.Build.0 = Release|Any CPU
		{03FD8CA6-32F1-8298-9F22-52DE7FB6F3B0}.Debug|Any CPU.ActiveCfg = Debug|Any CPU
		{03FD8CA6-32F1-8298-9F22-52DE7FB6F3B0}.Debug|Any CPU.Build.0 = Debug|Any CPU
		{03FD8CA6-32F1-8298-9F22-52DE7FB6F3B0}.Release|Any CPU.ActiveCfg = Release|Any CPU
		{03FD8CA6-32F1-8298-9F22-52DE7FB6F3B0}.Release|Any CPU.Build.0 = Release|Any CPU
		{3DFA5063-E2B2-B75F-89E9-F5D760A0966B}.Debug|Any CPU.ActiveCfg = Debug|Any CPU
		{3DFA5063-E2B2-B75F-89E9-F5D760A0966B}.Debug|Any CPU.Build.0 = Debug|Any CPU
		{3DFA5063-E2B2-B75F-89E9-F5D760A0966B}.Release|Any CPU.ActiveCfg = Release|Any CPU
		{3DFA5063-E2B2-B75F-89E9-F5D760A0966B}.Release|Any CPU.Build.0 = Release|Any CPU
		{A53B8CDD-FD51-7BDA-792A-CE6DDFA753F2}.Debug|Any CPU.ActiveCfg = Debug|Any CPU
		{A53B8CDD-FD51-7BDA-792A-CE6DDFA753F2}.Debug|Any CPU.Build.0 = Debug|Any CPU
		{A53B8CDD-FD51-7BDA-792A-CE6DDFA753F2}.Release|Any CPU.ActiveCfg = Release|Any CPU
		{A53B8CDD-FD51-7BDA-792A-CE6DDFA753F2}.Release|Any CPU.Build.0 = Release|Any CPU
		{A591CC03-55C9-9170-B2C7-8757BA4851D7}.Debug|Any CPU.ActiveCfg = Debug|Any CPU
		{A591CC03-55C9-9170-B2C7-8757BA4851D7}.Debug|Any CPU.Build.0 = Debug|Any CPU
		{A591CC03-55C9-9170-B2C7-8757BA4851D7}.Release|Any CPU.ActiveCfg = Release|Any CPU
		{A591CC03-55C9-9170-B2C7-8757BA4851D7}.Release|Any CPU.Build.0 = Release|Any CPU
		{D9F708CC-2799-5ECA-19F6-E311790D949B}.Debug|Any CPU.ActiveCfg = Debug|Any CPU
		{D9F708CC-2799-5ECA-19F6-E311790D949B}.Debug|Any CPU.Build.0 = Debug|Any CPU
		{D9F708CC-2799-5ECA-19F6-E311790D949B}.Release|Any CPU.ActiveCfg = Release|Any CPU
		{D9F708CC-2799-5ECA-19F6-E311790D949B}.Release|Any CPU.Build.0 = Release|Any CPU
		{999AF1F7-46F2-257F-FEFF-FFD853568109}.Debug|Any CPU.ActiveCfg = Debug|Any CPU
		{999AF1F7-46F2-257F-FEFF-FFD853568109}.Debug|Any CPU.Build.0 = Debug|Any CPU
		{999AF1F7-46F2-257F-FEFF-FFD853568109}.Release|Any CPU.ActiveCfg = Release|Any CPU
		{999AF1F7-46F2-257F-FEFF-FFD853568109}.Release|Any CPU.Build.0 = Release|Any CPU
		{0417C53F-7E4C-2C10-835C-9E4634AF722E}.Debug|Any CPU.ActiveCfg = Debug|Any CPU
		{0417C53F-7E4C-2C10-835C-9E4634AF722E}.Debug|Any CPU.Build.0 = Debug|Any CPU
		{0417C53F-7E4C-2C10-835C-9E4634AF722E}.Release|Any CPU.ActiveCfg = Release|Any CPU
		{0417C53F-7E4C-2C10-835C-9E4634AF722E}.Release|Any CPU.Build.0 = Release|Any CPU
		{37A0C74B-13D9-9D8F-15D1-56EC4CA62696}.Debug|Any CPU.ActiveCfg = Debug|Any CPU
		{37A0C74B-13D9-9D8F-15D1-56EC4CA62696}.Debug|Any CPU.Build.0 = Debug|Any CPU
		{37A0C74B-13D9-9D8F-15D1-56EC4CA62696}.Release|Any CPU.ActiveCfg = Release|Any CPU
		{37A0C74B-13D9-9D8F-15D1-56EC4CA62696}.Release|Any CPU.Build.0 = Release|Any CPU
		{EF39E4E1-55AD-B91A-2FB6-2893E3A27536}.Debug|Any CPU.ActiveCfg = Debug|Any CPU
		{EF39E4E1-55AD-B91A-2FB6-2893E3A27536}.Debug|Any CPU.Build.0 = Debug|Any CPU
		{EF39E4E1-55AD-B91A-2FB6-2893E3A27536}.Release|Any CPU.ActiveCfg = Release|Any CPU
		{EF39E4E1-55AD-B91A-2FB6-2893E3A27536}.Release|Any CPU.Build.0 = Release|Any CPU
		{EC3A3970-80DB-2EB3-74D0-DD5C9052D388}.Debug|Any CPU.ActiveCfg = Debug|Any CPU
		{EC3A3970-80DB-2EB3-74D0-DD5C9052D388}.Debug|Any CPU.Build.0 = Debug|Any CPU
		{EC3A3970-80DB-2EB3-74D0-DD5C9052D388}.Release|Any CPU.ActiveCfg = Release|Any CPU
		{EC3A3970-80DB-2EB3-74D0-DD5C9052D388}.Release|Any CPU.Build.0 = Release|Any CPU
		{A37D641F-DB0F-8814-7877-255D4D43EE19}.Debug|Any CPU.ActiveCfg = Debug|Any CPU
		{A37D641F-DB0F-8814-7877-255D4D43EE19}.Debug|Any CPU.Build.0 = Debug|Any CPU
		{A37D641F-DB0F-8814-7877-255D4D43EE19}.Release|Any CPU.ActiveCfg = Release|Any CPU
		{A37D641F-DB0F-8814-7877-255D4D43EE19}.Release|Any CPU.Build.0 = Release|Any CPU
		{3184E03B-429E-4DC2-26A8-8DF7A95A7119}.Debug|Any CPU.ActiveCfg = Debug|Any CPU
		{3184E03B-429E-4DC2-26A8-8DF7A95A7119}.Debug|Any CPU.Build.0 = Debug|Any CPU
		{3184E03B-429E-4DC2-26A8-8DF7A95A7119}.Release|Any CPU.ActiveCfg = Release|Any CPU
		{3184E03B-429E-4DC2-26A8-8DF7A95A7119}.Release|Any CPU.Build.0 = Release|Any CPU
		{416D663A-D120-C27E-C90A-A2370EE9AB30}.Debug|Any CPU.ActiveCfg = Debug|Any CPU
		{416D663A-D120-C27E-C90A-A2370EE9AB30}.Debug|Any CPU.Build.0 = Debug|Any CPU
		{416D663A-D120-C27E-C90A-A2370EE9AB30}.Release|Any CPU.ActiveCfg = Release|Any CPU
		{416D663A-D120-C27E-C90A-A2370EE9AB30}.Release|Any CPU.Build.0 = Release|Any CPU
		{610604BD-9FBD-D043-71E7-FB8A8CB0E495}.Debug|Any CPU.ActiveCfg = Debug|Any CPU
		{610604BD-9FBD-D043-71E7-FB8A8CB0E495}.Debug|Any CPU.Build.0 = Debug|Any CPU
		{610604BD-9FBD-D043-71E7-FB8A8CB0E495}.Release|Any CPU.ActiveCfg = Release|Any CPU
		{610604BD-9FBD-D043-71E7-FB8A8CB0E495}.Release|Any CPU.Build.0 = Release|Any CPU
		{FCF4D7F2-9BD3-6658-D73E-8CC7D38358A5}.Debug|Any CPU.ActiveCfg = Debug|Any CPU
		{FCF4D7F2-9BD3-6658-D73E-8CC7D38358A5}.Debug|Any CPU.Build.0 = Debug|Any CPU
		{FCF4D7F2-9BD3-6658-D73E-8CC7D38358A5}.Release|Any CPU.ActiveCfg = Release|Any CPU
		{FCF4D7F2-9BD3-6658-D73E-8CC7D38358A5}.Release|Any CPU.Build.0 = Release|Any CPU
		{A70C0C3E-F1E9-E98B-204A-189E67102B52}.Debug|Any CPU.ActiveCfg = Debug|Any CPU
		{A70C0C3E-F1E9-E98B-204A-189E67102B52}.Debug|Any CPU.Build.0 = Debug|Any CPU
		{A70C0C3E-F1E9-E98B-204A-189E67102B52}.Release|Any CPU.ActiveCfg = Release|Any CPU
		{A70C0C3E-F1E9-E98B-204A-189E67102B52}.Release|Any CPU.Build.0 = Release|Any CPU
		{540A5530-F65A-7BB6-8FE6-E6F5BA936B16}.Debug|Any CPU.ActiveCfg = Debug|Any CPU
		{540A5530-F65A-7BB6-8FE6-E6F5BA936B16}.Debug|Any CPU.Build.0 = Debug|Any CPU
		{540A5530-F65A-7BB6-8FE6-E6F5BA936B16}.Release|Any CPU.ActiveCfg = Release|Any CPU
		{540A5530-F65A-7BB6-8FE6-E6F5BA936B16}.Release|Any CPU.Build.0 = Release|Any CPU
		{0E603613-3121-DB52-8F97-9AAA35389FE4}.Debug|Any CPU.ActiveCfg = Debug|Any CPU
		{0E603613-3121-DB52-8F97-9AAA35389FE4}.Debug|Any CPU.Build.0 = Debug|Any CPU
		{0E603613-3121-DB52-8F97-9AAA35389FE4}.Release|Any CPU.ActiveCfg = Release|Any CPU
		{0E603613-3121-DB52-8F97-9AAA35389FE4}.Release|Any CPU.Build.0 = Release|Any CPU
		{10E36893-B8C9-8FC7-6128-45B589D661EE}.Debug|Any CPU.ActiveCfg = Debug|Any CPU
		{10E36893-B8C9-8FC7-6128-45B589D661EE}.Debug|Any CPU.Build.0 = Debug|Any CPU
		{10E36893-B8C9-8FC7-6128-45B589D661EE}.Release|Any CPU.ActiveCfg = Release|Any CPU
		{10E36893-B8C9-8FC7-6128-45B589D661EE}.Release|Any CPU.Build.0 = Release|Any CPU
		{8CDD701D-30F5-5023-B6A4-800C133D1277}.Debug|Any CPU.ActiveCfg = Debug|Any CPU
		{8CDD701D-30F5-5023-B6A4-800C133D1277}.Debug|Any CPU.Build.0 = Debug|Any CPU
		{8CDD701D-30F5-5023-B6A4-800C133D1277}.Release|Any CPU.ActiveCfg = Release|Any CPU
		{8CDD701D-30F5-5023-B6A4-800C133D1277}.Release|Any CPU.Build.0 = Release|Any CPU
		{41A9EA87-89B0-BE30-DB53-8A89F05FFF51}.Debug|Any CPU.ActiveCfg = Debug|Any CPU
		{41A9EA87-89B0-BE30-DB53-8A89F05FFF51}.Debug|Any CPU.Build.0 = Debug|Any CPU
		{41A9EA87-89B0-BE30-DB53-8A89F05FFF51}.Release|Any CPU.ActiveCfg = Release|Any CPU
		{41A9EA87-89B0-BE30-DB53-8A89F05FFF51}.Release|Any CPU.Build.0 = Release|Any CPU
		{1FB10D55-B397-764D-0B72-86F6F3A1C4D6}.Debug|Any CPU.ActiveCfg = Debug|Any CPU
		{1FB10D55-B397-764D-0B72-86F6F3A1C4D6}.Debug|Any CPU.Build.0 = Debug|Any CPU
		{1FB10D55-B397-764D-0B72-86F6F3A1C4D6}.Release|Any CPU.ActiveCfg = Release|Any CPU
		{1FB10D55-B397-764D-0B72-86F6F3A1C4D6}.Release|Any CPU.Build.0 = Release|Any CPU
		{7A521E13-E49A-9AA3-72C1-599BA5F37DC6}.Debug|Any CPU.ActiveCfg = Debug|Any CPU
		{7A521E13-E49A-9AA3-72C1-599BA5F37DC6}.Debug|Any CPU.Build.0 = Debug|Any CPU
		{7A521E13-E49A-9AA3-72C1-599BA5F37DC6}.Release|Any CPU.ActiveCfg = Release|Any CPU
		{7A521E13-E49A-9AA3-72C1-599BA5F37DC6}.Release|Any CPU.Build.0 = Release|Any CPU
		{5FC6B3BB-1B0F-DB1B-2709-F569736BE2F3}.Debug|Any CPU.ActiveCfg = Debug|Any CPU
		{5FC6B3BB-1B0F-DB1B-2709-F569736BE2F3}.Debug|Any CPU.Build.0 = Debug|Any CPU
		{5FC6B3BB-1B0F-DB1B-2709-F569736BE2F3}.Release|Any CPU.ActiveCfg = Release|Any CPU
		{5FC6B3BB-1B0F-DB1B-2709-F569736BE2F3}.Release|Any CPU.Build.0 = Release|Any CPU
	EndGlobalSection
	GlobalSection(SolutionProperties) = preSolution
		HideSolutionNode = FALSE
	EndGlobalSection
EndGlobal
